lockfileVersion: '9.0'

settings:
  autoInstallPeers: true
  excludeLinksFromLockfile: false

importers:

  .:
    dependencies:
      '@material-ui/core':
        specifier: ^4.12.4
        version: 4.12.4(@types/react@18.3.2)(react-dom@17.0.2(react@17.0.2))(react@17.0.2)

packages:

  '@babel/runtime@7.24.5':
    resolution: {integrity: sha512-Nms86NXrsaeU9vbBJKni6gXiEXZ4CVpYVzEjDH9Sb8vmZ3UljyA1GSOJl/6LGPO8EHLuSF9H+IxNXHPX8QHJ4g==}
    engines: {node: '>=6.9.0'}

  '@emotion/hash@0.8.0':
    resolution: {integrity: sha512-kBJtf7PH6aWwZ6fka3zQ0p6SBYzx4fl1LoZXE2RrnYST9Xljm7WfKJrU4g/Xr3Beg72MLrp1AWNUmuYJTL7Cow==}

  '@material-ui/core@4.12.4':
    resolution: {integrity: sha512-tr7xekNlM9LjA6pagJmL8QCgZXaubWUwkJnoYcMKd4gw/t4XiyvnTkjdGrUVicyB2BsdaAv1tvow45bPM4sSwQ==}
    engines: {node: '>=8.0.0'}
    deprecated: Material UI v4 doesn't receive active development since September 2021. See the guide https://mui.com/material-ui/migration/migration-v4/ to upgrade to v5.
    peerDependencies:
      '@types/react': ^16.8.6 || ^17.0.0
      react: ^16.8.0 || ^17.0.0
      react-dom: ^16.8.0 || ^17.0.0
    peerDependenciesMeta:
      '@types/react':
        optional: true

  '@material-ui/styles@4.11.5':
    resolution: {integrity: sha512-o/41ot5JJiUsIETME9wVLAJrmIWL3j0R0Bj2kCOLbSfqEkKf0fmaPt+5vtblUh5eXr2S+J/8J3DaCb10+CzPGA==}
    engines: {node: '>=8.0.0'}
    deprecated: Material UI v4 doesn't receive active development since September 2021. See the guide https://mui.com/material-ui/migration/migration-v4/ to upgrade to v5.
    peerDependencies:
      '@types/react': ^16.8.6 || ^17.0.0
      react: ^16.8.0 || ^17.0.0
      react-dom: ^16.8.0 || ^17.0.0
    peerDependenciesMeta:
      '@types/react':
        optional: true

  '@material-ui/system@4.12.2':
    resolution: {integrity: sha512-6CSKu2MtmiJgcCGf6nBQpM8fLkuB9F55EKfbdTC80NND5wpTmKzwdhLYLH3zL4cLlK0gVaaltW7/wMuyTnN0Lw==}
    engines: {node: '>=8.0.0'}
    peerDependencies:
      '@types/react': ^16.8.6 || ^17.0.0
      react: ^16.8.0 || ^17.0.0
      react-dom: ^16.8.0 || ^17.0.0
    peerDependenciesMeta:
      '@types/react':
        optional: true

  '@material-ui/types@5.1.0':
    resolution: {integrity: sha512-7cqRjrY50b8QzRSYyhSpx4WRw2YuO0KKIGQEVk5J8uoz2BanawykgZGoWEqKm7pVIbzFDN0SpPcVV4IhOFkl8A==}
    peerDependencies:
      '@types/react': '*'
    peerDependenciesMeta:
      '@types/react':
        optional: true

  '@material-ui/utils@4.11.3':
    resolution: {integrity: sha512-ZuQPV4rBK/V1j2dIkSSEcH5uT6AaHuKWFfotADHsC0wVL1NLd2WkFCm4ZZbX33iO4ydl6V0GPngKm8HZQ2oujg==}
    engines: {node: '>=8.0.0'}
    peerDependencies:
      react: ^16.8.0 || ^17.0.0
      react-dom: ^16.8.0 || ^17.0.0

  '@types/prop-types@15.7.12':
    resolution: {integrity: sha512-5zvhXYtRNRluoE/jAp4GVsSduVUzNWKkOZrCDBWYtE7biZywwdC2AcEzg+cSMLFRfVgeAFqpfNabiPjxFddV1Q==}

  '@types/react-transition-group@4.4.10':
    resolution: {integrity: sha512-hT/+s0VQs2ojCX823m60m5f0sL5idt9SO6Tj6Dg+rdphGPIeJbJ6CxvBYkgkGKrYeDjvIpKTR38UzmtHJOGW3Q==}

  '@types/react@18.3.2':
    resolution: {integrity: sha512-Btgg89dAnqD4vV7R3hlwOxgqobUQKgx3MmrQRi0yYbs/P0ym8XozIAlkqVilPqHQwXs4e9Tf63rrCgl58BcO4w==}

  clsx@1.2.1:
    resolution: {integrity: sha512-EcR6r5a8bj6pu3ycsa/E/cKVGuTgZJZdsyUYHOksG/UHIiKfjxzRxYJpyVBwYaQeOvghal9fcc4PidlgzugAQg==}
    engines: {node: '>=6'}

  css-vendor@2.0.8:
    resolution: {integrity: sha512-x9Aq0XTInxrkuFeHKbYC7zWY8ai7qJ04Kxd9MnvbC1uO5DagxoHQjm4JvG+vCdXOoFtCjbL2XSZfxmoYa9uQVQ==}

  csstype@2.6.21:
    resolution: {integrity: sha512-Z1PhmomIfypOpoMjRQB70jfvy/wxT50qW08YXO5lMIJkrdq4yOTR+AW7FqutScmB9NkLwxo+jU+kZLbofZZq/w==}

  csstype@3.1.3:
    resolution: {integrity: sha512-M1uQkMl8rQK/szD0LNhtqxIPLpimGm8sOBwU7lLnCpSbTyY3yeU1Vc7l4KT5zT4s/yOxHH5O7tIuuLOCnLADRw==}

  dom-helpers@5.2.1:
    resolution: {integrity: sha512-nRCa7CK3VTrM2NmGkIy4cbK7IZlgBE/PYMn55rrXefr5xXDP0LdtfPnblFDoVdcAfslJ7or6iqAUnx0CCGIWQA==}

  hoist-non-react-statics@3.3.2:
    resolution: {integrity: sha512-/gGivxi8JPKWNm/W0jSmzcMPpfpPLc3dY/6GxhX2hQ9iGj3aDfklV4ET7NjKpSinLpJ5vafa9iiGIEZg10SfBw==}

  hyphenate-style-name@1.0.4:
    resolution: {integrity: sha512-ygGZLjmXfPHj+ZWh6LwbC37l43MhfztxetbFCoYTM2VjkIUpeHgSNn7QIyVFj7YQ1Wl9Cbw5sholVJPzWvC2MQ==}

  is-in-browser@1.1.3:
    resolution: {integrity: sha512-FeXIBgG/CPGd/WUxuEyvgGTEfwiG9Z4EKGxjNMRqviiIIfsmgrpnHLffEDdwUHqNva1VEW91o3xBT/m8Elgl9g==}

  js-tokens@4.0.0:
    resolution: {integrity: sha512-RdJUflcE3cUzKiMqQgsCu06FPu9UdIJO0beYbPhHN4k6apgJtifcoCtT9bcxOpYBtpD2kCM6Sbzg4CausW/PKQ==}

  jss-plugin-camel-case@10.10.0:
    resolution: {integrity: sha512-z+HETfj5IYgFxh1wJnUAU8jByI48ED+v0fuTuhKrPR+pRBYS2EDwbusU8aFOpCdYhtRc9zhN+PJ7iNE8pAWyPw==}

  jss-plugin-default-unit@10.10.0:
    resolution: {integrity: sha512-SvpajxIECi4JDUbGLefvNckmI+c2VWmP43qnEy/0eiwzRUsafg5DVSIWSzZe4d2vFX1u9nRDP46WCFV/PXVBGQ==}

  jss-plugin-global@10.10.0:
    resolution: {integrity: sha512-icXEYbMufiNuWfuazLeN+BNJO16Ge88OcXU5ZDC2vLqElmMybA31Wi7lZ3lf+vgufRocvPj8443irhYRgWxP+A==}

  jss-plugin-nested@10.10.0:
    resolution: {integrity: sha512-9R4JHxxGgiZhurDo3q7LdIiDEgtA1bTGzAbhSPyIOWb7ZubrjQe8acwhEQ6OEKydzpl8XHMtTnEwHXCARLYqYA==}

  jss-plugin-props-sort@10.10.0:
    resolution: {integrity: sha512-5VNJvQJbnq/vRfje6uZLe/FyaOpzP/IH1LP+0fr88QamVrGJa0hpRRyAa0ea4U/3LcorJfBFVyC4yN2QC73lJg==}

  jss-plugin-rule-value-function@10.10.0:
    resolution: {integrity: sha512-uEFJFgaCtkXeIPgki8ICw3Y7VMkL9GEan6SqmT9tqpwM+/t+hxfMUdU4wQ0MtOiMNWhwnckBV0IebrKcZM9C0g==}

  jss-plugin-vendor-prefixer@10.10.0:
    resolution: {integrity: sha512-UY/41WumgjW8r1qMCO8l1ARg7NHnfRVWRhZ2E2m0DMYsr2DD91qIXLyNhiX83hHswR7Wm4D+oDYNC1zWCJWtqg==}

  jss@10.10.0:
    resolution: {integrity: sha512-cqsOTS7jqPsPMjtKYDUpdFC0AbhYFLTcuGRqymgmdJIeQ8cH7+AgX7YSgQy79wXloZq2VvATYxUOUQEvS1V/Zw==}

  loose-envify@1.4.0:
    resolution: {integrity: sha512-lyuxPGr/Wfhrlem2CL/UcnUc1zcqKAImBDzukY7Y5F/yQiNdko6+fRLevlw1HgMySw7f611UIY408EtxRSoK3Q==}
    hasBin: true

  object-assign@4.1.1:
    resolution: {integrity: sha512-rJgTQnkUnH1sFw8yT6VSU3zD3sWmu6sZhIseY8VX+GRu3P6F7Fu+JNDoXfklElbLJSnc3FUQHVe4cU5hj+BcUg==}
    engines: {node: '>=0.10.0'}

  popper.js@1.16.1-lts:
    resolution: {integrity: sha512-Kjw8nKRl1m+VrSFCoVGPph93W/qrSO7ZkqPpTf7F4bk/sqcfWK019dWBUpE/fBOsOQY1dks/Bmcbfn1heM/IsA==}

  prop-types@15.8.1:
    resolution: {integrity: sha512-oj87CgZICdulUohogVAR7AjlC0327U4el4L6eAvOqCeudMDVU0NThNaV+b9Df4dXgSP1gXMTnPdhfe/2qDH5cg==}

  react-dom@17.0.2:
    resolution: {integrity: sha512-s4h96KtLDUQlsENhMn1ar8t2bEa+q/YAtj8pPPdIjPDGBDIVNsrD9aXNWqspUe6AzKCIG0C1HZZLqLV7qpOBGA==}
    peerDependencies:
      react: 17.0.2

  react-is@16.13.1:
    resolution: {integrity: sha512-24e6ynE2H+OKt4kqsOvNd8kBpV65zoxbA4BVsEOB3ARVWQki/DHzaUoC5KuON/BiccDaCCTZBuOcfZs70kR8bQ==}

  react-is@17.0.2:
    resolution: {integrity: sha512-w2GsyukL62IJnlaff/nRegPQR94C/XXamvMWmSHRJ4y7Ts/4ocGRmTHvOs8PSE6pB3dWOrD/nueuU5sduBsQ4w==}

  react-transition-group@4.4.5:
    resolution: {integrity: sha512-pZcd1MCJoiKiBR2NRxeCRg13uCXbydPnmB4EOeRrY7480qNWO8IIgQG6zlDkm6uRMsURXPuKq0GWtiM59a5Q6g==}
    peerDependencies:
      react: '>=16.6.0'
      react-dom: '>=16.6.0'

  react@17.0.2:
    resolution: {integrity: sha512-gnhPt75i/dq/z3/6q/0asP78D0u592D5L1pd7M8P+dck6Fu/jJeL6iVVK23fptSUZj8Vjf++7wXA8UNclGQcbA==}
    engines: {node: '>=0.10.0'}

  regenerator-runtime@0.14.1:
    resolution: {integrity: sha512-dYnhHh0nJoMfnkZs6GmmhFknAGRrLznOu5nc9ML+EJxGvrx6H7teuevqVqCuPcPK//3eDrrjQhehXVx9cnkGdw==}

  scheduler@0.20.2:
    resolution: {integrity: sha512-2eWfGgAqqWFGqtdMmcL5zCMK1U8KlXv8SQFGglL3CEtd0aDVDWgeF/YoCmvln55m5zSk3J/20hTaSBeSObsQDQ==}

  tiny-warning@1.0.3:
    resolution: {integrity: sha512-lBN9zLN/oAf68o3zNXYrdCt1kP8WsiGW8Oo2ka41b2IM5JL/S1CTyX1rW0mb/zSuJun0ZUrDxx4sqvYS2FWzPA==}

snapshots:

  '@babel/runtime@7.24.5':
    dependencies:
      regenerator-runtime: 0.14.1

  '@emotion/hash@0.8.0': {}

  '@material-ui/core@4.12.4(@types/react@18.3.2)(react-dom@17.0.2(react@17.0.2))(react@17.0.2)':
    dependencies:
      '@babel/runtime': 7.24.5
      '@material-ui/styles': 4.11.5(@types/react@18.3.2)(react-dom@17.0.2(react@17.0.2))(react@17.0.2)
      '@material-ui/system': 4.12.2(@types/react@18.3.2)(react-dom@17.0.2(react@17.0.2))(react@17.0.2)
      '@material-ui/types': 5.1.0(@types/react@18.3.2)
      '@material-ui/utils': 4.11.3(react-dom@17.0.2(react@17.0.2))(react@17.0.2)
      '@types/react-transition-group': 4.4.10
      clsx: 1.2.1
      hoist-non-react-statics: 3.3.2
      popper.js: 1.16.1-lts
      prop-types: 15.8.1
      react: 17.0.2
      react-dom: 17.0.2(react@17.0.2)
      react-is: 17.0.2
      react-transition-group: 4.4.5(react-dom@17.0.2(react@17.0.2))(react@17.0.2)
    optionalDependencies:
      '@types/react': 18.3.2

  '@material-ui/styles@4.11.5(@types/react@18.3.2)(react-dom@17.0.2(react@17.0.2))(react@17.0.2)':
    dependencies:
      '@babel/runtime': 7.24.5
      '@emotion/hash': 0.8.0
      '@material-ui/types': 5.1.0(@types/react@18.3.2)
      '@material-ui/utils': 4.11.3(react-dom@17.0.2(react@17.0.2))(react@17.0.2)
      clsx: 1.2.1
      csstype: 2.6.21
      hoist-non-react-statics: 3.3.2
      jss: 10.10.0
      jss-plugin-camel-case: 10.10.0
      jss-plugin-default-unit: 10.10.0
      jss-plugin-global: 10.10.0
      jss-plugin-nested: 10.10.0
      jss-plugin-props-sort: 10.10.0
      jss-plugin-rule-value-function: 10.10.0
      jss-plugin-vendor-prefixer: 10.10.0
      prop-types: 15.8.1
      react: 17.0.2
      react-dom: 17.0.2(react@17.0.2)
    optionalDependencies:
      '@types/react': 18.3.2

  '@material-ui/system@4.12.2(@types/react@18.3.2)(react-dom@17.0.2(react@17.0.2))(react@17.0.2)':
    dependencies:
      '@babel/runtime': 7.24.5
      '@material-ui/utils': 4.11.3(react-dom@17.0.2(react@17.0.2))(react@17.0.2)
      csstype: 2.6.21
      prop-types: 15.8.1
      react: 17.0.2
      react-dom: 17.0.2(react@17.0.2)
    optionalDependencies:
      '@types/react': 18.3.2

  '@material-ui/types@5.1.0(@types/react@18.3.2)':
    optionalDependencies:
      '@types/react': 18.3.2

  '@material-ui/utils@4.11.3(react-dom@17.0.2(react@17.0.2))(react@17.0.2)':
    dependencies:
      '@babel/runtime': 7.24.5
      prop-types: 15.8.1
      react: 17.0.2
      react-dom: 17.0.2(react@17.0.2)
      react-is: 17.0.2

  '@types/prop-types@15.7.12': {}

  '@types/react-transition-group@4.4.10':
    dependencies:
      '@types/react': 18.3.2

  '@types/react@18.3.2':
    dependencies:
      '@types/prop-types': 15.7.12
      csstype: 3.1.3

  clsx@1.2.1: {}

  css-vendor@2.0.8:
    dependencies:
      '@babel/runtime': 7.24.5
      is-in-browser: 1.1.3

  csstype@2.6.21: {}

  csstype@3.1.3: {}

  dom-helpers@5.2.1:
    dependencies:
      '@babel/runtime': 7.24.5
      csstype: 3.1.3

  hoist-non-react-statics@3.3.2:
    dependencies:
      react-is: 16.13.1

  hyphenate-style-name@1.0.4: {}

  is-in-browser@1.1.3: {}

  js-tokens@4.0.0: {}

  jss-plugin-camel-case@10.10.0:
    dependencies:
      '@babel/runtime': 7.24.5
      hyphenate-style-name: 1.0.4
      jss: 10.10.0

  jss-plugin-default-unit@10.10.0:
    dependencies:
      '@babel/runtime': 7.24.5
      jss: 10.10.0

  jss-plugin-global@10.10.0:
    dependencies:
      '@babel/runtime': 7.24.5
      jss: 10.10.0

  jss-plugin-nested@10.10.0:
    dependencies:
      '@babel/runtime': 7.24.5
      jss: 10.10.0
      tiny-warning: 1.0.3

  jss-plugin-props-sort@10.10.0:
    dependencies:
      '@babel/runtime': 7.24.5
      jss: 10.10.0

  jss-plugin-rule-value-function@10.10.0:
    dependencies:
      '@babel/runtime': 7.24.5
      jss: 10.10.0
      tiny-warning: 1.0.3

  jss-plugin-vendor-prefixer@10.10.0:
    dependencies:
      '@babel/runtime': 7.24.5
      css-vendor: 2.0.8
      jss: 10.10.0

  jss@10.10.0:
    dependencies:
      '@babel/runtime': 7.24.5
      csstype: 3.1.3
      is-in-browser: 1.1.3
      tiny-warning: 1.0.3

  loose-envify@1.4.0:
    dependencies:
      js-tokens: 4.0.0

  object-assign@4.1.1: {}

  popper.js@1.16.1-lts: {}

  prop-types@15.8.1:
    dependencies:
      loose-envify: 1.4.0
      object-assign: 4.1.1
      react-is: 16.13.1

  react-dom@17.0.2(react@17.0.2):
    dependencies:
      loose-envify: 1.4.0
      object-assign: 4.1.1
      react: 17.0.2
      scheduler: 0.20.2

  react-is@16.13.1: {}

  react-is@17.0.2: {}

  react-transition-group@4.4.5(react-dom@17.0.2(react@17.0.2))(react@17.0.2):
    dependencies:
      '@babel/runtime': 7.24.5
      dom-helpers: 5.2.1
      loose-envify: 1.4.0
      prop-types: 15.8.1
      react: 17.0.2
      react-dom: 17.0.2(react@17.0.2)

  react@17.0.2:
    dependencies:
      loose-envify: 1.4.0
      object-assign: 4.1.1

  regenerator-runtime@0.14.1: {}

  scheduler@0.20.2:
    dependencies:
      loose-envify: 1.4.0
      object-assign: 4.1.1

  tiny-warning@1.0.3: {}
